
Microsoft Visual Studio Solution File, Format Version 12.00
# Visual Studio Version 16
VisualStudioVersion = 16.0.32428.217
MinimumVisualStudioVersion = 10.0.40219.1
Project("{888888A0-9F3D-457C-B088-3A5042F75D52}") = "Milestone_Final", "Milestone_Final.pyproj", "{47B30E59-5451-4958-8F97-3D2993C6B3D9}"
EndProject
Global
	GlobalSection(SolutionConfigurationPlatforms) = preSolution
		Debug|Any CPU = Debug|Any CPU
		Release|Any CPU = Release|Any CPU
	EndGlobalSection
	GlobalSection(ProjectConfigurationPlatforms) = postSolution
		{47B30E59-5451-4958-8F97-3D2993C6B3D9}.Debug|Any CPU.ActiveCfg = Debug|Any CPU
		{47B30E59-5451-4958-8F97-3D2993C6B3D9}.Release|Any CPU.ActiveCfg = Release|Any CPU
	EndGlobalSection
	GlobalSection(SolutionProperties) = preSolution
		HideSolutionNode = FALSE
	EndGlobalSection
	GlobalSection(ExtensibilityGlobals) = postSolution
		SolutionGuid = {ECDEE873-3C7C-48F3-8712-4A30467EBE6D}
	EndGlobalSection
EndGlobal
