
Microsoft Visual Studio Solution File, Format Version 12.00
# Visual Studio Version 16
VisualStudioVersion = 16.0.32428.217
MinimumVisualStudioVersion = 10.0.40219.1
Project("{888888A0-9F3D-457C-B088-3A5042F75D52}") = "Hito_1", "Hito_1.pyproj", "{E5C3C9DD-51CE-47FB-BFB7-9192B647ED18}"
EndProject
Global
	GlobalSection(SolutionConfigurationPlatforms) = preSolution
		Debug|Any CPU = Debug|Any CPU
		Release|Any CPU = Release|Any CPU
	EndGlobalSection
	GlobalSection(ProjectConfigurationPlatforms) = postSolution
		{E5C3C9DD-51CE-47FB-BFB7-9192B647ED18}.Debug|Any CPU.ActiveCfg = Debug|Any CPU
		{E5C3C9DD-51CE-47FB-BFB7-9192B647ED18}.Release|Any CPU.ActiveCfg = Release|Any CPU
	EndGlobalSection
	GlobalSection(SolutionProperties) = preSolution
		HideSolutionNode = FALSE
	EndGlobalSection
	GlobalSection(ExtensibilityGlobals) = postSolution
		SolutionGuid = {A46C9476-9A4D-41C2-9797-79B2D4086FFB}
	EndGlobalSection
EndGlobal
